
Microsoft Visual Studio Solution File, Format Version 12.00
# Visual Studio Version 16
VisualStudioVersion = 16.0.31025.194
MinimumVisualStudioVersion = 10.0.40219.1
Project("{FAE04EC0-301F-11D3-BF4B-00C04F79EFBC}") = "WindowsFormsDatabase", "WindowsFormsDatabase\WindowsFormsDatabase.csproj", "{D6CFEE58-AD55-40AB-B3EA-52126581E0FF}"
EndProject
Global
	GlobalSection(SolutionConfigurationPlatforms) = preSolution
		Debug|Any CPU = Debug|Any CPU
		Release|Any CPU = Release|Any CPU
	EndGlobalSection
	GlobalSection(ProjectConfigurationPlatforms) = postSolution
		{D6CFEE58-AD55-40AB-B3EA-52126581E0FF}.Debug|Any CPU.ActiveCfg = Debug|Any CPU
		{D6CFEE58-AD55-40AB-B3EA-52126581E0FF}.Debug|Any CPU.Build.0 = Debug|Any CPU
		{D6CFEE58-AD55-40AB-B3EA-52126581E0FF}.Release|Any CPU.ActiveCfg = Release|Any CPU
		{D6CFEE58-AD55-40AB-B3EA-52126581E0FF}.Release|Any CPU.Build.0 = Release|Any CPU
	EndGlobalSection
	GlobalSection(SolutionProperties) = preSolution
		HideSolutionNode = FALSE
	EndGlobalSection
	GlobalSection(ExtensibilityGlobals) = postSolution
		SolutionGuid = {8C33AD80-58B0-4391-B95A-0C75B25361FD}
	EndGlobalSection
EndGlobal
